
Microsoft Visual Studio Solution File, Format Version 12.00
# Visual Studio 15
VisualStudioVersion = 15.0.27428.2015
MinimumVisualStudioVersion = 10.0.40219.1
Project("{8BC9CEB8-8B4A-11D0-8D11-00A0C91BC942}") = "WebCrawlerByLinux", "WebCrawlerByLinux\WebCrawlerByLinux.vcxproj", "{BBE8BE13-8997-42CB-9BFF-0A77FF49CF2C}"
EndProject
Global
	GlobalSection(SolutionConfigurationPlatforms) = preSolution
		Debug|ARM = Debug|ARM
		Debug|x64 = Debug|x64
		Debug|x86 = Debug|x86
		Release|ARM = Release|ARM
		Release|x64 = Release|x64
		Release|x86 = Release|x86
	EndGlobalSection
	GlobalSection(ProjectConfigurationPlatforms) = postSolution
		{BBE8BE13-8997-42CB-9BFF-0A77FF49CF2C}.Debug|ARM.ActiveCfg = Debug|ARM
		{BBE8BE13-8997-42CB-9BFF-0A77FF49CF2C}.Debug|ARM.Build.0 = Debug|ARM
		{BBE8BE13-8997-42CB-9BFF-0A77FF49CF2C}.Debug|x64.ActiveCfg = Debug|x64
		{BBE8BE13-8997-42CB-9BFF-0A77FF49CF2C}.Debug|x64.Build.0 = Debug|x64
		{BBE8BE13-8997-42CB-9BFF-0A77FF49CF2C}.Debug|x86.ActiveCfg = Debug|x86
		{BBE8BE13-8997-42CB-9BFF-0A77FF49CF2C}.Debug|x86.Build.0 = Debug|x86
		{BBE8BE13-8997-42CB-9BFF-0A77FF49CF2C}.Release|ARM.ActiveCfg = Release|ARM
		{BBE8BE13-8997-42CB-9BFF-0A77FF49CF2C}.Release|ARM.Build.0 = Release|ARM
		{BBE8BE13-8997-42CB-9BFF-0A77FF49CF2C}.Release|x64.ActiveCfg = Release|x64
		{BBE8BE13-8997-42CB-9BFF-0A77FF49CF2C}.Release|x64.Build.0 = Release|x64
		{BBE8BE13-8997-42CB-9BFF-0A77FF49CF2C}.Release|x86.ActiveCfg = Release|x86
		{BBE8BE13-8997-42CB-9BFF-0A77FF49CF2C}.Release|x86.Build.0 = Release|x86
	EndGlobalSection
	GlobalSection(SolutionProperties) = preSolution
		HideSolutionNode = FALSE
	EndGlobalSection
	GlobalSection(ExtensibilityGlobals) = postSolution
		SolutionGuid = {A6149779-9F55-4683-AD16-F95FD856282D}
	EndGlobalSection
EndGlobal
